{
    "_readme": [
        "This file locks the dependencies of your project to a known state",
        "Read more about it at https://getcomposer.org/doc/01-basic-usage.md#installing-dependencies",
        "This file is @generated automatically"
    ],
    "content-hash": "0609e7477c4aabfdc65ba35c808cb867",
    "packages": [
        {
            "name": "friendsofphp/php-cs-fixer",
            "version": "v3.6.0",
            "source": {
                "type": "git",
                "url": "https://github.com/FriendsOfPHP/PHP-CS-Fixer.git",
                "reference": "1975e4453eb2726d1f50da0ce7fa91295029a4fa"
            },
            "dist": {
                "type": "zip",
                "url": "https://api.github.com/repos/FriendsOfPHP/PHP-CS-Fixer/zipball/1975e4453eb2726d1f50da0ce7fa91295029a4fa",
                "reference": "1975e4453eb2726d1f50da0ce7fa91295029a4fa",
                "shasum": ""
            },
            "require": {
                "composer/semver": "^3.2",
                "composer/xdebug-handler": "^3.0",
                "doctrine/annotations": "^1.13",
                "ext-json": "*",
                "ext-tokenizer": "*",
                "php": "^7.4 || ^8.0",
                "php-cs-fixer/diff": "^2.0",
                "symfony/console": "^5.4 || ^6.0",
                "symfony/event-dispatcher": "^5.4 || ^6.0",
                "symfony/filesystem": "^5.4 || ^6.0",
                "symfony/finder": "^5.4 || ^6.0",
                "symfony/options-resolver": "^5.4 || ^6.0",
                "symfony/polyfill-mbstring": "^1.23",
                "symfony/polyfill-php80": "^1.23",
                "symfony/polyfill-php81": "^1.23",
                "symfony/process": "^5.4 || ^6.0",
                "symfony/stopwatch": "^5.4 || ^6.0"
            },
            "require-dev": {
                "justinrainbow/json-schema": "^5.2",
                "keradus/cli-executor": "^1.5",
                "mikey179/vfsstream": "^1.6.10",
                "php-coveralls/php-coveralls": "^2.5.2",
                "php-cs-fixer/accessible-object": "^1.1",
                "php-cs-fixer/phpunit-constraint-isidenticalstring": "^1.2",
                "php-cs-fixer/phpunit-constraint-xmlmatchesxsd": "^1.2.1",
                "phpspec/prophecy": "^1.15",
                "phpspec/prophecy-phpunit": "^2.0",
                "phpunit/phpunit": "^9.5",
                "phpunitgoodpractices/polyfill": "^1.5",
                "phpunitgoodpractices/traits": "^1.9.1",
                "symfony/phpunit-bridge": "^6.0",
                "symfony/yaml": "^5.4 || ^6.0"
            },
            "suggest": {
                "ext-dom": "For handling output formats in XML",
                "ext-mbstring": "For handling non-UTF8 characters."
            },
            "bin": [
                "php-cs-fixer"
            ],
            "type": "application",
            "autoload": {
                "psr-4": {
                    "PhpCsFixer\\": "src/"
                }
            },
            "notification-url": "https://packagist.org/downloads/",
            "license": [
                "MIT"
            ],
            "authors": [
                {
                    "name": "Fabien Potencier",
                    "email": "fabien@symfony.com"
                },
                {
                    "name": "Dariusz Rumiński",
                    "email": "dariusz.ruminski@gmail.com"
                }
            ],
            "description": "A tool to automatically fix PHP code style",
            "support": {
                "issues": "https://github.com/FriendsOfPHP/PHP-CS-Fixer/issues",
                "source": "https://github.com/FriendsOfPHP/PHP-CS-Fixer/tree/v3.6.0"
            },
            "funding": [
                {
                    "url": "https://github.com/keradus",
                    "type": "github"
                }
            ],
            "time": "2022-02-07T18:02:40+00:00"
        },
        {
            "name": "nikic/php-parser",
            "version": "v4.15.3",
            "source": {
                "type": "git",
                "url": "https://github.com/nikic/PHP-Parser.git",
                "reference": "570e980a201d8ed0236b0a62ddf2c9cbb2034039"
            },
            "dist": {
                "type": "zip",
                "url": "https://api.github.com/repos/nikic/PHP-Parser/zipball/570e980a201d8ed0236b0a62ddf2c9cbb2034039",
                "reference": "570e980a201d8ed0236b0a62ddf2c9cbb2034039",
                "shasum": ""
            },
            "require": {
                "ext-tokenizer": "*",
                "php": ">=7.0"
            },
            "require-dev": {
                "ircmaxell/php-yacc": "^0.0.7",
                "phpunit/phpunit": "^6.5 || ^7.0 || ^8.0 || ^9.0"
            },
            "bin": [
                "bin/php-parse"
            ],
            "type": "library",
            "extra": {
                "branch-alias": {
                    "dev-master": "4.9-dev"
                }
            },
            "autoload": {
                "psr-4": {
                    "PhpParser\\": "lib/PhpParser"
                }
            },
            "notification-url": "https://packagist.org/downloads/",
            "license": [
                "BSD-3-Clause"
            ],
            "authors": [
                {
                    "name": "Nikita Popov"
                }
            ],
            "description": "A PHP parser written in PHP",
            "keywords": [
                "parser",
                "php"
            ],
            "support": {
                "issues": "https://github.com/nikic/PHP-Parser/issues",
                "source": "https://github.com/nikic/PHP-Parser/tree/v4.15.3"
            },
            "time": "2023-01-16T22:05:37+00:00"
        },
        {
            "name": "php-cs-fixer/diff",
            "version": "v2.0.2",
            "source": {
                "type": "git",
                "url": "https://github.com/PHP-CS-Fixer/diff.git",
                "reference": "29dc0d507e838c4580d018bd8b5cb412474f7ec3"
            },
            "dist": {
                "type": "zip",
                "url": "https://api.github.com/repos/PHP-CS-Fixer/diff/zipball/29dc0d507e838c4580d018bd8b5cb412474f7ec3",
                "reference": "29dc0d507e838c4580d018bd8b5cb412474f7ec3",
                "shasum": ""
            },
            "require": {
                "php": "^5.6 || ^7.0 || ^8.0"
            },
            "require-dev": {
                "phpunit/phpunit": "^5.7.23 || ^6.4.3 || ^7.0",
                "symfony/process": "^3.3"
            },
            "type": "library",
            "autoload": {
                "classmap": [
                    "src/"
                ]
            },
            "notification-url": "https://packagist.org/downloads/",
            "license": [
                "BSD-3-Clause"
            ],
            "authors": [
                {
                    "name": "Sebastian Bergmann",
                    "email": "sebastian@phpunit.de"
                },
                {
                    "name": "Kore Nordmann",
                    "email": "mail@kore-nordmann.de"
                }
            ],
            "description": "sebastian/diff v3 backport support for PHP 5.6+",
            "homepage": "https://github.com/PHP-CS-Fixer",
            "keywords": [
                "diff"
            ],
            "support": {
                "issues": "https://github.com/PHP-CS-Fixer/diff/issues",
                "source": "https://github.com/PHP-CS-Fixer/diff/tree/v2.0.2"
            },
            "abandoned": true,
            "time": "2020-10-14T08:32:19+00:00"
        },
        {
            "name": "psy/psysh",
            "version": "v0.11.12",
            "source": {
                "type": "git",
                "url": "https://github.com/bobthecow/psysh.git",
                "reference": "52cb7c47d403c31c0adc9bf7710fc355f93c20f7"
            },
            "dist": {
                "type": "zip",
                "url": "https://api.github.com/repos/bobthecow/psysh/zipball/52cb7c47d403c31c0adc9bf7710fc355f93c20f7",
                "reference": "52cb7c47d403c31c0adc9bf7710fc355f93c20f7",
                "shasum": ""
            },
            "require": {
                "ext-json": "*",
                "ext-tokenizer": "*",
                "nikic/php-parser": "^4.0 || ^3.1",
                "php": "^8.0 || ^7.0.8",
                "symfony/console": "^6.0 || ^5.0 || ^4.0 || ^3.4",
                "symfony/var-dumper": "^6.0 || ^5.0 || ^4.0 || ^3.4"
            },
            "conflict": {
                "symfony/console": "4.4.37 || 5.3.14 || 5.3.15 || 5.4.3 || 5.4.4 || 6.0.3 || 6.0.4"
            },
            "require-dev": {
                "bamarni/composer-bin-plugin": "^1.2"
            },
            "suggest": {
                "ext-pcntl": "Enabling the PCNTL extension makes PsySH a lot happier :)",
                "ext-pdo-sqlite": "The doc command requires SQLite to work.",
                "ext-posix": "If you have PCNTL, you'll want the POSIX extension as well.",
                "ext-readline": "Enables support for arrow-key history navigation, and showing and manipulating command history."
            },
            "bin": [
                "bin/psysh"
            ],
            "type": "library",
            "extra": {
                "branch-alias": {
                    "dev-main": "0.11.x-dev"
                }
            },
            "autoload": {
                "files": [
                    "src/functions.php"
                ],
                "psr-4": {
                    "Psy\\": "src/"
                }
            },
            "notification-url": "https://packagist.org/downloads/",
            "license": [
                "MIT"
            ],
            "authors": [
                {
                    "name": "Justin Hileman",
                    "email": "justin@justinhileman.info",
                    "homepage": "http://justinhileman.com"
                }
            ],
            "description": "An interactive shell for modern PHP.",
            "homepage": "http://psysh.org",
            "keywords": [
                "REPL",
                "console",
                "interactive",
                "shell"
            ],
            "support": {
                "issues": "https://github.com/bobthecow/psysh/issues",
                "source": "https://github.com/bobthecow/psysh/tree/v0.11.12"
            },
            "time": "2023-01-29T21:24:40+00:00"
        }
    ],
    "packages-dev": [],
    "aliases": [],
    "minimum-stability": "stable",
    "stability-flags": [],
    "prefer-stable": false,
    "prefer-lowest": false,
    "platform": [],
    "platform-dev": [],
    "platform-overrides": {
        "php": "7.4.3"
    },
    "plugin-api-version": "2.3.0"
}
